
Microsoft Visual Studio Solution File, Format Version 12.00
# Visual Studio Version 17
VisualStudioVersion = 17.0.32112.339
MinimumVisualStudioVersion = 10.0.40219.1
Project("{9A19103F-16F7-4668-BE54-9A1E7A4F7556}") = "KatasNet.Console.RPGCombat", "KatasNet.Console.RPGCombat\KatasNet.Console.RPGCombat.csproj", "{CC710578-450D-4BBB-B9C6-7B808BE3C61E}"
EndProject
Project("{2150E333-8FDC-42A3-9474-1A3956D46DE8}") = "Test", "Test", "{04D1A1A9-3ADE-4C5F-8406-6206AFE5360D}"
EndProject
Project("{9A19103F-16F7-4668-BE54-9A1E7A4F7556}") = "KatasNet.Console.RPGCombat.Test", "KatasNet.Console.RPGCombat.Test\KatasNet.Console.RPGCombat.Test.csproj", "{11E28C7F-F73A-48FD-8819-DEABBCE3A339}"
EndProject
Global
	GlobalSection(SolutionConfigurationPlatforms) = preSolution
		Debug|Any CPU = Debug|Any CPU
		Release|Any CPU = Release|Any CPU
	EndGlobalSection
	GlobalSection(ProjectConfigurationPlatforms) = postSolution
		{CC710578-450D-4BBB-B9C6-7B808BE3C61E}.Debug|Any CPU.ActiveCfg = Debug|Any CPU
		{CC710578-450D-4BBB-B9C6-7B808BE3C61E}.Debug|Any CPU.Build.0 = Debug|Any CPU
		{CC710578-450D-4BBB-B9C6-7B808BE3C61E}.Release|Any CPU.ActiveCfg = Release|Any CPU
		{CC710578-450D-4BBB-B9C6-7B808BE3C61E}.Release|Any CPU.Build.0 = Release|Any CPU
		{11E28C7F-F73A-48FD-8819-DEABBCE3A339}.Debug|Any CPU.ActiveCfg = Debug|Any CPU
		{11E28C7F-F73A-48FD-8819-DEABBCE3A339}.Debug|Any CPU.Build.0 = Debug|Any CPU
		{11E28C7F-F73A-48FD-8819-DEABBCE3A339}.Release|Any CPU.ActiveCfg = Release|Any CPU
		{11E28C7F-F73A-48FD-8819-DEABBCE3A339}.Release|Any CPU.Build.0 = Release|Any CPU
	EndGlobalSection
	GlobalSection(SolutionProperties) = preSolution
		HideSolutionNode = FALSE
	EndGlobalSection
	GlobalSection(NestedProjects) = preSolution
		{11E28C7F-F73A-48FD-8819-DEABBCE3A339} = {04D1A1A9-3ADE-4C5F-8406-6206AFE5360D}
	EndGlobalSection
	GlobalSection(ExtensibilityGlobals) = postSolution
		SolutionGuid = {7D1CB070-EEA5-4EDD-9933-51FA708734EB}
	EndGlobalSection
EndGlobal
